Microsoft Visual Studio Solution File, Format Version 11.00
# Visual Studio 2008

Project("{A5871186-9F05-3BC5-E8FD-8AC28140B212}") = "Fantasy Battle", "Assembly-CSharp.csproj", "{1FB0277D-6C04-2585-4C3A-495D7B37A985}"
EndProject
Global
	GlobalSection(SolutionConfigurationPlatforms) = preSolution
		Debug|Any CPU = Debug|Any CPU
		Release|Any CPU = Release|Any CPU
	EndGlobalSection
	GlobalSection(ProjectConfigurationPlatforms) = postSolution
		{1FB0277D-6C04-2585-4C3A-495D7B37A985}.Debug|Any CPU.ActiveCfg = Debug|Any CPU
		{1FB0277D-6C04-2585-4C3A-495D7B37A985}.Debug|Any CPU.Build.0 = Debug|Any CPU
		{1FB0277D-6C04-2585-4C3A-495D7B37A985}.Release|Any CPU.ActiveCfg = Release|Any CPU
		{1FB0277D-6C04-2585-4C3A-495D7B37A985}.Release|Any CPU.Build.0 = Release|Any CPU
	EndGlobalSection
	GlobalSection(SolutionProperties) = preSolution
		HideSolutionNode = FALSE
	EndGlobalSection
	GlobalSection(MonoDevelopProperties) = preSolution
		StartupItem = Assembly-CSharp.csproj
	EndGlobalSection
EndGlobal
